
Microsoft Visual Studio Solution File, Format Version 12.00
# Visual Studio Version 17
VisualStudioVersion = 17.11.35312.102
MinimumVisualStudioVersion = 10.0.40219.1
Project("{FAE04EC0-301F-11D3-BF4B-00C04F79EFBC}") = "ConsoleApp2", "ConsoleApp2\ConsoleApp2.csproj", "{C2F3EED0-91FA-4835-AE15-796E0A9107EE}"
EndProject
Project("{FAE04EC0-301F-11D3-BF4B-00C04F79EFBC}") = "ConsoleApp1", "ConsoleApp1\ConsoleApp1.csproj", "{B4842AF3-3F76-440F-83DC-7C120F56EA34}"
EndProject
Global
	GlobalSection(SolutionConfigurationPlatforms) = preSolution
		Debug|Any CPU = Debug|Any CPU
		Release|Any CPU = Release|Any CPU
	EndGlobalSection
	GlobalSection(ProjectConfigurationPlatforms) = postSolution
		{C2F3EED0-91FA-4835-AE15-796E0A9107EE}.Debug|Any CPU.ActiveCfg = Debug|Any CPU
		{C2F3EED0-91FA-4835-AE15-796E0A9107EE}.Debug|Any CPU.Build.0 = Debug|Any CPU
		{C2F3EED0-91FA-4835-AE15-796E0A9107EE}.Release|Any CPU.ActiveCfg = Release|Any CPU
		{C2F3EED0-91FA-4835-AE15-796E0A9107EE}.Release|Any CPU.Build.0 = Release|Any CPU
		{B4842AF3-3F76-440F-83DC-7C120F56EA34}.Debug|Any CPU.ActiveCfg = Debug|Any CPU
		{B4842AF3-3F76-440F-83DC-7C120F56EA34}.Debug|Any CPU.Build.0 = Debug|Any CPU
		{B4842AF3-3F76-440F-83DC-7C120F56EA34}.Release|Any CPU.ActiveCfg = Release|Any CPU
		{B4842AF3-3F76-440F-83DC-7C120F56EA34}.Release|Any CPU.Build.0 = Release|Any CPU
	EndGlobalSection
	GlobalSection(SolutionProperties) = preSolution
		HideSolutionNode = FALSE
	EndGlobalSection
	GlobalSection(ExtensibilityGlobals) = postSolution
		SolutionGuid = {027EE779-68A9-4AE6-AC21-7C8A2A212BB5}
	EndGlobalSection
EndGlobal
